github.com/Microsoft/go-winio v0.4.2/go.mod h1:VhR8bwka0BXejwEJY73c50VrPtXAaKcyvVC4A4RozmA=
github.com/Sirupsen/logrus v0.0.0-20170630005420-7dd06bf38e1e/go.mod h1:rmk17hk6i8ZSAJkSDa7nOxamrG+SP4P0mm+DAvExv4U=
github.com/docker/distribution v0.0.0-20170627185808-f86db6b22663 h1:XHDml52nJS+wcpYyj++jyyXaHjYnErOiV5RmNgk+Z8Q=
github.com/docker/distribution v0.0.0-20170627185808-f86db6b22663/go.mod h1:J2gT2udsDAN96Uj4KfcMRqY0/ypR+oyYUYmja8H+y+w=
github.com/docker/docker v0.0.0-20170630184611-87df0e533b61 h1:WqqioRMAVrsCHjupgKL2KlbzBPkeaYQ/wso7SXrC9qM=
github.com/docker/docker v0.0.0-20170630184611-87df0e533b61/go.mod h1:eEKB0N0r5NX/I1kEveEz05bcu8tLC/8azJZsviup8Sk=
github.com/docker/go-connections v0.3.0 h1:3lOnM9cSzgGwx8VfK/NGOW5fLQ0GjIlCkaktF+n1M6o=
github.com/docker/go-connections v0.3.0/go.mod h1:Gbd7IOopHjR8Iph03tsViu4nIes5XhDvyHbTtUxmeec=
github.com/docker/go-units v0.3.2 h1:Kjm80apys7gTtfVmCvVY8gwu10uofaFSrmAKOVrtueE=
github.com/docker/go-units v0.3.2/go.mod h1:fgPhTUdO+D/Jk86RDLlptpiXQzgHJF7gydDDbaIK4Dk=
github.com/docker/libtrust v0.0.0-20160708172513-aabc10ec26b7 h1:UhxFibDNY/bfvqU5CAUmr9zpesgbU6SWc8/B4mflAE4=
github.com/docker/libtrust v0.0.0-20160708172513-aabc10ec26b7/go.mod h1:cyGadeNEkKy96OOhEzfZl+yxihPEzKnqJwvfuSUqbZE=
github.com/miekg/dns v0.0.0-20170630114444-e46719b2fef4 h1:amjJr1V+3BKfKG2QZqiw5fRqt5cCOQwujSRzVHGSyc0=
github.com/miekg/dns v0.0.0-20170630114444-e46719b2fef4/go.mod h1:W1PPwlIAgtquWBMBEV9nkV9Cazfe8ScdGz/Lj7v3Nrg=
github.com/opencontainers/go-digest v1.0.0-rc1 h1:WzifXhOVOEOuFYOJAW6aQqW0TooG2iki3E3Ii+WN7gQ=
github.com/opencontainers/go-digest v1.0.0-rc1/go.mod h1:cMLVZDEM3+U2I4VmLI6N8jQYUd2OVphdqWwCJHrFt2s=
github.com/opencontainers/image-spec v0.0.0-20170628230140-28462ef69441 h1:FDdc0vtCKGsvSShgKWI8L2mVxnSDFjb8WJ0lZIa9mhk=
github.com/opencontainers/image-spec v0.0.0-20170628230140-28462ef69441/go.mod h1:BtxoFyWECRxE4U/7sNtV5W15zMzWCbyJoFRP3s7yZA0=
github.com/pkg/errors v0.0.0-20170505043639-c605e284fe17 h1:chPfVn+gpAM5CTpTyVU9j8J+xgRGwmoDlNDLjKnJiYo=
github.com/pkg/errors v0.0.0-20170505043639-c605e284fe17/go.mod h1:bwawxfHBFNV+L2hUp1rHADufV3IMtnDRdf1r5NINEl0=
golang.org/x/net v0.0.0-20170629171032-1f9224279e98 h1:7wZTjEl3uuLKP9GWY+XYHTXYLUtBChvsVHCNZBouFMA=
golang.org/x/net v0.0.0-20170629171032-1f9224279e98/go.mod h1:mL1N/T3taQHkDXs73rZJwtUhF3w3ftmwwsq0BUmARs4=
golang.org/x/sys v0.0.0-20170630171205-4ed4d404df45/go.mod h1:STP8DvDyc/dI5b8T5hshtkjS+E42TnysNCUPdjciGhY=
